
Microsoft Visual Studio Solution File, Format Version 12.00
# Visual Studio Version 17
VisualStudioVersion = 17.0.31903.59
MinimumVisualStudioVersion = 10.0.40219.1
Project("{2150E333-8FDC-42A3-9474-1A3956D46DE8}") = "src", "src", "{827E0CD3-B72D-47B6-A68D-7590B98EB39B}"
EndProject
Project("{FAE04EC0-301F-11D3-BF4B-00C04F79EFBC}") = "SpecTrace.Core", "src\SpecTrace.Core\SpecTrace.Core.csproj", "{8E29DA4B-8140-4578-894D-A722A4BB2B5F}"
EndProject
Project("{2150E333-8FDC-42A3-9474-1A3956D46DE8}") = "apps", "apps", "{1787FE1D-075E-9E68-7218-25F1BD1BBEAB}"
EndProject
Project("{2150E333-8FDC-42A3-9474-1A3956D46DE8}") = "cli", "cli", "{AF2DBE5E-9460-D940-A36E-D3EB256477A3}"
EndProject
Project("{FAE04EC0-301F-11D3-BF4B-00C04F79EFBC}") = "SpecTrace.Cli", "apps\cli\SpecTrace.Cli.csproj", "{A1B35EDB-3187-4D0B-9866-976B439F97E8}"
EndProject
Project("{2150E333-8FDC-42A3-9474-1A3956D46DE8}") = "api", "api", "{BC2D172B-13BC-136C-CDB1-4B1A687208C4}"
EndProject
Project("{FAE04EC0-301F-11D3-BF4B-00C04F79EFBC}") = "SpecTrace.Api", "apps\api\SpecTrace.Api.csproj", "{CDFF9349-5D11-4829-8AB0-68542E87B103}"
EndProject
Project("{2150E333-8FDC-42A3-9474-1A3956D46DE8}") = "worker", "worker", "{82AC7ADD-723F-E433-2729-6F05EB21E721}"
EndProject
Project("{FAE04EC0-301F-11D3-BF4B-00C04F79EFBC}") = "SpecTrace.Worker", "apps\worker\SpecTrace.Worker.csproj", "{E3891A4E-7060-4E01-BFDE-358381B55BFD}"
EndProject
Project("{2150E333-8FDC-42A3-9474-1A3956D46DE8}") = "tests", "tests", "{0AB3BF05-4346-4AA6-1389-037BE0695223}"
EndProject
Project("{FAE04EC0-301F-11D3-BF4B-00C04F79EFBC}") = "SpecTrace.Core.Tests", "tests\SpecTrace.Core.Tests\SpecTrace.Core.Tests.csproj", "{6EA960C2-984C-4FD1-BEA4-E32CA4EFF5C3}"
EndProject
Project("{FAE04EC0-301F-11D3-BF4B-00C04F79EFBC}") = "SpecTrace.Cli.Tests", "tests\SpecTrace.Cli.Tests\SpecTrace.Cli.Tests.csproj", "{765C3843-BA96-4982-B8AB-DFCD3CFB247D}"
EndProject
Project("{FAE04EC0-301F-11D3-BF4B-00C04F79EFBC}") = "SpecTrace.Api.Tests", "tests\SpecTrace.Api.Tests\SpecTrace.Api.Tests.csproj", "{C0B26559-A5B8-432B-AF29-907A8BC45016}"
EndProject
Global
	GlobalSection(SolutionConfigurationPlatforms) = preSolution
		Debug|Any CPU = Debug|Any CPU
		Debug|x64 = Debug|x64
		Debug|x86 = Debug|x86
		Release|Any CPU = Release|Any CPU
		Release|x64 = Release|x64
		Release|x86 = Release|x86
	EndGlobalSection
	GlobalSection(ProjectConfigurationPlatforms) = postSolution
		{8E29DA4B-8140-4578-894D-A722A4BB2B5F}.Debug|Any CPU.ActiveCfg = Debug|Any CPU
		{8E29DA4B-8140-4578-894D-A722A4BB2B5F}.Debug|Any CPU.Build.0 = Debug|Any CPU
		{8E29DA4B-8140-4578-894D-A722A4BB2B5F}.Debug|x64.ActiveCfg = Debug|Any CPU
		{8E29DA4B-8140-4578-894D-A722A4BB2B5F}.Debug|x64.Build.0 = Debug|Any CPU
		{8E29DA4B-8140-4578-894D-A722A4BB2B5F}.Debug|x86.ActiveCfg = Debug|Any CPU
		{8E29DA4B-8140-4578-894D-A722A4BB2B5F}.Debug|x86.Build.0 = Debug|Any CPU
		{8E29DA4B-8140-4578-894D-A722A4BB2B5F}.Release|Any CPU.ActiveCfg = Release|Any CPU
		{8E29DA4B-8140-4578-894D-A722A4BB2B5F}.Release|Any CPU.Build.0 = Release|Any CPU
		{8E29DA4B-8140-4578-894D-A722A4BB2B5F}.Release|x64.ActiveCfg = Release|Any CPU
		{8E29DA4B-8140-4578-894D-A722A4BB2B5F}.Release|x64.Build.0 = Release|Any CPU
		{8E29DA4B-8140-4578-894D-A722A4BB2B5F}.Release|x86.ActiveCfg = Release|Any CPU
		{8E29DA4B-8140-4578-894D-A722A4BB2B5F}.Release|x86.Build.0 = Release|Any CPU
		{A1B35EDB-3187-4D0B-9866-976B439F97E8}.Debug|Any CPU.ActiveCfg = Debug|Any CPU
		{A1B35EDB-3187-4D0B-9866-976B439F97E8}.Debug|Any CPU.Build.0 = Debug|Any CPU
		{A1B35EDB-3187-4D0B-9866-976B439F97E8}.Debug|x64.ActiveCfg = Debug|Any CPU
		{A1B35EDB-3187-4D0B-9866-976B439F97E8}.Debug|x64.Build.0 = Debug|Any CPU
		{A1B35EDB-3187-4D0B-9866-976B439F97E8}.Debug|x86.ActiveCfg = Debug|Any CPU
		{A1B35EDB-3187-4D0B-9866-976B439F97E8}.Debug|x86.Build.0 = Debug|Any CPU
		{A1B35EDB-3187-4D0B-9866-976B439F97E8}.Release|Any CPU.ActiveCfg = Release|Any CPU
		{A1B35EDB-3187-4D0B-9866-976B439F97E8}.Release|Any CPU.Build.0 = Release|Any CPU
		{A1B35EDB-3187-4D0B-9866-976B439F97E8}.Release|x64.ActiveCfg = Release|Any CPU
		{A1B35EDB-3187-4D0B-9866-976B439F97E8}.Release|x64.Build.0 = Release|Any CPU
		{A1B35EDB-3187-4D0B-9866-976B439F97E8}.Release|x86.ActiveCfg = Release|Any CPU
		{A1B35EDB-3187-4D0B-9866-976B439F97E8}.Release|x86.Build.0 = Release|Any CPU
		{CDFF9349-5D11-4829-8AB0-68542E87B103}.Debug|Any CPU.ActiveCfg = Debug|Any CPU
		{CDFF9349-5D11-4829-8AB0-68542E87B103}.Debug|Any CPU.Build.0 = Debug|Any CPU
		{CDFF9349-5D11-4829-8AB0-68542E87B103}.Debug|x64.ActiveCfg = Debug|Any CPU
		{CDFF9349-5D11-4829-8AB0-68542E87B103}.Debug|x64.Build.0 = Debug|Any CPU
		{CDFF9349-5D11-4829-8AB0-68542E87B103}.Debug|x86.ActiveCfg = Debug|Any CPU
		{CDFF9349-5D11-4829-8AB0-68542E87B103}.Debug|x86.Build.0 = Debug|Any CPU
		{CDFF9349-5D11-4829-8AB0-68542E87B103}.Release|Any CPU.ActiveCfg = Release|Any CPU
		{CDFF9349-5D11-4829-8AB0-68542E87B103}.Release|Any CPU.Build.0 = Release|Any CPU
		{CDFF9349-5D11-4829-8AB0-68542E87B103}.Release|x64.ActiveCfg = Release|Any CPU
		{CDFF9349-5D11-4829-8AB0-68542E87B103}.Release|x64.Build.0 = Release|Any CPU
		{CDFF9349-5D11-4829-8AB0-68542E87B103}.Release|x86.ActiveCfg = Release|Any CPU
		{CDFF9349-5D11-4829-8AB0-68542E87B103}.Release|x86.Build.0 = Release|Any CPU
		{E3891A4E-7060-4E01-BFDE-358381B55BFD}.Debug|Any CPU.ActiveCfg = Debug|Any CPU
		{E3891A4E-7060-4E01-BFDE-358381B55BFD}.Debug|Any CPU.Build.0 = Debug|Any CPU
		{E3891A4E-7060-4E01-BFDE-358381B55BFD}.Debug|x64.ActiveCfg = Debug|Any CPU
		{E3891A4E-7060-4E01-BFDE-358381B55BFD}.Debug|x64.Build.0 = Debug|Any CPU
		{E3891A4E-7060-4E01-BFDE-358381B55BFD}.Debug|x86.ActiveCfg = Debug|Any CPU
		{E3891A4E-7060-4E01-BFDE-358381B55BFD}.Debug|x86.Build.0 = Debug|Any CPU
		{E3891A4E-7060-4E01-BFDE-358381B55BFD}.Release|Any CPU.ActiveCfg = Release|Any CPU
		{E3891A4E-7060-4E01-BFDE-358381B55BFD}.Release|Any CPU.Build.0 = Release|Any CPU
		{E3891A4E-7060-4E01-BFDE-358381B55BFD}.Release|x64.ActiveCfg = Release|Any CPU
		{E3891A4E-7060-4E01-BFDE-358381B55BFD}.Release|x64.Build.0 = Release|Any CPU
		{E3891A4E-7060-4E01-BFDE-358381B55BFD}.Release|x86.ActiveCfg = Release|Any CPU
		{E3891A4E-7060-4E01-BFDE-358381B55BFD}.Release|x86.Build.0 = Release|Any CPU
		{6EA960C2-984C-4FD1-BEA4-E32CA4EFF5C3}.Debug|Any CPU.ActiveCfg = Debug|Any CPU
		{6EA960C2-984C-4FD1-BEA4-E32CA4EFF5C3}.Debug|Any CPU.Build.0 = Debug|Any CPU
		{6EA960C2-984C-4FD1-BEA4-E32CA4EFF5C3}.Debug|x64.ActiveCfg = Debug|Any CPU
		{6EA960C2-984C-4FD1-BEA4-E32CA4EFF5C3}.Debug|x64.Build.0 = Debug|Any CPU
		{6EA960C2-984C-4FD1-BEA4-E32CA4EFF5C3}.Debug|x86.ActiveCfg = Debug|Any CPU
		{6EA960C2-984C-4FD1-BEA4-E32CA4EFF5C3}.Debug|x86.Build.0 = Debug|Any CPU
		{6EA960C2-984C-4FD1-BEA4-E32CA4EFF5C3}.Release|Any CPU.ActiveCfg = Release|Any CPU
		{6EA960C2-984C-4FD1-BEA4-E32CA4EFF5C3}.Release|Any CPU.Build.0 = Release|Any CPU
		{6EA960C2-984C-4FD1-BEA4-E32CA4EFF5C3}.Release|x64.ActiveCfg = Release|Any CPU
		{6EA960C2-984C-4FD1-BEA4-E32CA4EFF5C3}.Release|x64.Build.0 = Release|Any CPU
		{6EA960C2-984C-4FD1-BEA4-E32CA4EFF5C3}.Release|x86.ActiveCfg = Release|Any CPU
		{6EA960C2-984C-4FD1-BEA4-E32CA4EFF5C3}.Release|x86.Build.0 = Release|Any CPU
		{765C3843-BA96-4982-B8AB-DFCD3CFB247D}.Debug|Any CPU.ActiveCfg = Debug|Any CPU
		{765C3843-BA96-4982-B8AB-DFCD3CFB247D}.Debug|Any CPU.Build.0 = Debug|Any CPU
		{765C3843-BA96-4982-B8AB-DFCD3CFB247D}.Debug|x64.ActiveCfg = Debug|Any CPU
		{765C3843-BA96-4982-B8AB-DFCD3CFB247D}.Debug|x64.Build.0 = Debug|Any CPU
		{765C3843-BA96-4982-B8AB-DFCD3CFB247D}.Debug|x86.ActiveCfg = Debug|Any CPU
		{765C3843-BA96-4982-B8AB-DFCD3CFB247D}.Debug|x86.Build.0 = Debug|Any CPU
		{765C3843-BA96-4982-B8AB-DFCD3CFB247D}.Release|Any CPU.ActiveCfg = Release|Any CPU
		{765C3843-BA96-4982-B8AB-DFCD3CFB247D}.Release|Any CPU.Build.0 = Release|Any CPU
		{765C3843-BA96-4982-B8AB-DFCD3CFB247D}.Release|x64.ActiveCfg = Release|Any CPU
		{765C3843-BA96-4982-B8AB-DFCD3CFB247D}.Release|x64.Build.0 = Release|Any CPU
		{765C3843-BA96-4982-B8AB-DFCD3CFB247D}.Release|x86.ActiveCfg = Release|Any CPU
		{765C3843-BA96-4982-B8AB-DFCD3CFB247D}.Release|x86.Build.0 = Release|Any CPU
		{C0B26559-A5B8-432B-AF29-907A8BC45016}.Debug|Any CPU.ActiveCfg = Debug|Any CPU
		{C0B26559-A5B8-432B-AF29-907A8BC45016}.Debug|Any CPU.Build.0 = Debug|Any CPU
		{C0B26559-A5B8-432B-AF29-907A8BC45016}.Debug|x64.ActiveCfg = Debug|Any CPU
		{C0B26559-A5B8-432B-AF29-907A8BC45016}.Debug|x64.Build.0 = Debug|Any CPU
		{C0B26559-A5B8-432B-AF29-907A8BC45016}.Debug|x86.ActiveCfg = Debug|Any CPU
		{C0B26559-A5B8-432B-AF29-907A8BC45016}.Debug|x86.Build.0 = Debug|Any CPU
		{C0B26559-A5B8-432B-AF29-907A8BC45016}.Release|Any CPU.ActiveCfg = Release|Any CPU
		{C0B26559-A5B8-432B-AF29-907A8BC45016}.Release|Any CPU.Build.0 = Release|Any CPU
		{C0B26559-A5B8-432B-AF29-907A8BC45016}.Release|x64.ActiveCfg = Release|Any CPU
		{C0B26559-A5B8-432B-AF29-907A8BC45016}.Release|x64.Build.0 = Release|Any CPU
		{C0B26559-A5B8-432B-AF29-907A8BC45016}.Release|x86.ActiveCfg = Release|Any CPU
		{C0B26559-A5B8-432B-AF29-907A8BC45016}.Release|x86.Build.0 = Release|Any CPU
	EndGlobalSection
	GlobalSection(SolutionProperties) = preSolution
		HideSolutionNode = FALSE
	EndGlobalSection
	GlobalSection(NestedProjects) = preSolution
		{8E29DA4B-8140-4578-894D-A722A4BB2B5F} = {827E0CD3-B72D-47B6-A68D-7590B98EB39B}
		{AF2DBE5E-9460-D940-A36E-D3EB256477A3} = {1787FE1D-075E-9E68-7218-25F1BD1BBEAB}
		{A1B35EDB-3187-4D0B-9866-976B439F97E8} = {AF2DBE5E-9460-D940-A36E-D3EB256477A3}
		{BC2D172B-13BC-136C-CDB1-4B1A687208C4} = {1787FE1D-075E-9E68-7218-25F1BD1BBEAB}
		{CDFF9349-5D11-4829-8AB0-68542E87B103} = {BC2D172B-13BC-136C-CDB1-4B1A687208C4}
		{82AC7ADD-723F-E433-2729-6F05EB21E721} = {1787FE1D-075E-9E68-7218-25F1BD1BBEAB}
		{E3891A4E-7060-4E01-BFDE-358381B55BFD} = {82AC7ADD-723F-E433-2729-6F05EB21E721}
		{6EA960C2-984C-4FD1-BEA4-E32CA4EFF5C3} = {0AB3BF05-4346-4AA6-1389-037BE0695223}
		{765C3843-BA96-4982-B8AB-DFCD3CFB247D} = {0AB3BF05-4346-4AA6-1389-037BE0695223}
		{C0B26559-A5B8-432B-AF29-907A8BC45016} = {0AB3BF05-4346-4AA6-1389-037BE0695223}
	EndGlobalSection
EndGlobal
